
Microsoft Visual Studio Solution File, Format Version 12.00
# Visual Studio 15
VisualStudioVersion = 15.0.26124.0
MinimumVisualStudioVersion = 15.0.26124.0
Project("{9A19103F-16F7-4668-BE54-9A1E7A4F7556}") = "ImageGallery.API", "ImageGallery.API\ImageGallery.API.csproj", "{A4EFC221-51F7-4BE0-A569-4E2B415CD805}"
EndProject
Project("{9A19103F-16F7-4668-BE54-9A1E7A4F7556}") = "ImageGallery.Client", "ImageGallery.Client\ImageGallery.Client.csproj", "{69DBB5B4-C68D-49D3-B3E7-BB8EBD46B5DF}"
EndProject
Project("{9A19103F-16F7-4668-BE54-9A1E7A4F7556}") = "ImageGallery.Model", "ImageGallery.Model\ImageGallery.Model.csproj", "{2C64F92F-AB6B-4C14-9F01-A445EA0CF339}"
EndProject
Project("{9A19103F-16F7-4668-BE54-9A1E7A4F7556}") = "Marvin.IDP", "Marvin.IDP\Marvin.IDP.csproj", "{53ECDF24-4D3D-4D35-AC86-2CFF2726C8AE}"
EndProject
Project("{2150E333-8FDC-42A3-9474-1A3956D46DE8}") = "Solution Items", "Solution Items", "{317D6533-9608-4C7E-876C-F06152F09BF8}"
	ProjectSection(SolutionItems) = preProject
		..\README.md = ..\README.md
	EndProjectSection
EndProject
Project("{E53339B2-1760-4266-BCC7-CA923CBCF16C}") = "docker-compose", "docker-compose.dcproj", "{B8540106-7B28-4579-AC7C-EE72CEA97B49}"
EndProject
Global
	GlobalSection(SolutionConfigurationPlatforms) = preSolution
		Debug|Any CPU = Debug|Any CPU
		Debug|x64 = Debug|x64
		Debug|x86 = Debug|x86
		Release|Any CPU = Release|Any CPU
		Release|x64 = Release|x64
		Release|x86 = Release|x86
	EndGlobalSection
	GlobalSection(ProjectConfigurationPlatforms) = postSolution
		{A4EFC221-51F7-4BE0-A569-4E2B415CD805}.Debug|Any CPU.ActiveCfg = Debug|Any CPU
		{A4EFC221-51F7-4BE0-A569-4E2B415CD805}.Debug|Any CPU.Build.0 = Debug|Any CPU
		{A4EFC221-51F7-4BE0-A569-4E2B415CD805}.Debug|x64.ActiveCfg = Debug|Any CPU
		{A4EFC221-51F7-4BE0-A569-4E2B415CD805}.Debug|x64.Build.0 = Debug|Any CPU
		{A4EFC221-51F7-4BE0-A569-4E2B415CD805}.Debug|x86.ActiveCfg = Debug|Any CPU
		{A4EFC221-51F7-4BE0-A569-4E2B415CD805}.Debug|x86.Build.0 = Debug|Any CPU
		{A4EFC221-51F7-4BE0-A569-4E2B415CD805}.Release|Any CPU.ActiveCfg = Release|Any CPU
		{A4EFC221-51F7-4BE0-A569-4E2B415CD805}.Release|Any CPU.Build.0 = Release|Any CPU
		{A4EFC221-51F7-4BE0-A569-4E2B415CD805}.Release|x64.ActiveCfg = Release|Any CPU
		{A4EFC221-51F7-4BE0-A569-4E2B415CD805}.Release|x64.Build.0 = Release|Any CPU
		{A4EFC221-51F7-4BE0-A569-4E2B415CD805}.Release|x86.ActiveCfg = Release|Any CPU
		{A4EFC221-51F7-4BE0-A569-4E2B415CD805}.Release|x86.Build.0 = Release|Any CPU
		{69DBB5B4-C68D-49D3-B3E7-BB8EBD46B5DF}.Debug|Any CPU.ActiveCfg = Debug|Any CPU
		{69DBB5B4-C68D-49D3-B3E7-BB8EBD46B5DF}.Debug|Any CPU.Build.0 = Debug|Any CPU
		{69DBB5B4-C68D-49D3-B3E7-BB8EBD46B5DF}.Debug|x64.ActiveCfg = Debug|Any CPU
		{69DBB5B4-C68D-49D3-B3E7-BB8EBD46B5DF}.Debug|x64.Build.0 = Debug|Any CPU
		{69DBB5B4-C68D-49D3-B3E7-BB8EBD46B5DF}.Debug|x86.ActiveCfg = Debug|Any CPU
		{69DBB5B4-C68D-49D3-B3E7-BB8EBD46B5DF}.Debug|x86.Build.0 = Debug|Any CPU
		{69DBB5B4-C68D-49D3-B3E7-BB8EBD46B5DF}.Release|Any CPU.ActiveCfg = Release|Any CPU
		{69DBB5B4-C68D-49D3-B3E7-BB8EBD46B5DF}.Release|Any CPU.Build.0 = Release|Any CPU
		{69DBB5B4-C68D-49D3-B3E7-BB8EBD46B5DF}.Release|x64.ActiveCfg = Release|Any CPU
		{69DBB5B4-C68D-49D3-B3E7-BB8EBD46B5DF}.Release|x64.Build.0 = Release|Any CPU
		{69DBB5B4-C68D-49D3-B3E7-BB8EBD46B5DF}.Release|x86.ActiveCfg = Release|Any CPU
		{69DBB5B4-C68D-49D3-B3E7-BB8EBD46B5DF}.Release|x86.Build.0 = Release|Any CPU
		{2C64F92F-AB6B-4C14-9F01-A445EA0CF339}.Debug|Any CPU.ActiveCfg = Debug|Any CPU
		{2C64F92F-AB6B-4C14-9F01-A445EA0CF339}.Debug|Any CPU.Build.0 = Debug|Any CPU
		{2C64F92F-AB6B-4C14-9F01-A445EA0CF339}.Debug|x64.ActiveCfg = Debug|Any CPU
		{2C64F92F-AB6B-4C14-9F01-A445EA0CF339}.Debug|x64.Build.0 = Debug|Any CPU
		{2C64F92F-AB6B-4C14-9F01-A445EA0CF339}.Debug|x86.ActiveCfg = Debug|Any CPU
		{2C64F92F-AB6B-4C14-9F01-A445EA0CF339}.Debug|x86.Build.0 = Debug|Any CPU
		{2C64F92F-AB6B-4C14-9F01-A445EA0CF339}.Release|Any CPU.ActiveCfg = Release|Any CPU
		{2C64F92F-AB6B-4C14-9F01-A445EA0CF339}.Release|Any CPU.Build.0 = Release|Any CPU
		{2C64F92F-AB6B-4C14-9F01-A445EA0CF339}.Release|x64.ActiveCfg = Release|Any CPU
		{2C64F92F-AB6B-4C14-9F01-A445EA0CF339}.Release|x64.Build.0 = Release|Any CPU
		{2C64F92F-AB6B-4C14-9F01-A445EA0CF339}.Release|x86.ActiveCfg = Release|Any CPU
		{2C64F92F-AB6B-4C14-9F01-A445EA0CF339}.Release|x86.Build.0 = Release|Any CPU
		{53ECDF24-4D3D-4D35-AC86-2CFF2726C8AE}.Debug|Any CPU.ActiveCfg = Debug|Any CPU
		{53ECDF24-4D3D-4D35-AC86-2CFF2726C8AE}.Debug|Any CPU.Build.0 = Debug|Any CPU
		{53ECDF24-4D3D-4D35-AC86-2CFF2726C8AE}.Debug|x64.ActiveCfg = Debug|Any CPU
		{53ECDF24-4D3D-4D35-AC86-2CFF2726C8AE}.Debug|x64.Build.0 = Debug|Any CPU
		{53ECDF24-4D3D-4D35-AC86-2CFF2726C8AE}.Debug|x86.ActiveCfg = Debug|Any CPU
		{53ECDF24-4D3D-4D35-AC86-2CFF2726C8AE}.Debug|x86.Build.0 = Debug|Any CPU
		{53ECDF24-4D3D-4D35-AC86-2CFF2726C8AE}.Release|Any CPU.ActiveCfg = Release|Any CPU
		{53ECDF24-4D3D-4D35-AC86-2CFF2726C8AE}.Release|Any CPU.Build.0 = Release|Any CPU
		{53ECDF24-4D3D-4D35-AC86-2CFF2726C8AE}.Release|x64.ActiveCfg = Release|Any CPU
		{53ECDF24-4D3D-4D35-AC86-2CFF2726C8AE}.Release|x64.Build.0 = Release|Any CPU
		{53ECDF24-4D3D-4D35-AC86-2CFF2726C8AE}.Release|x86.ActiveCfg = Release|Any CPU
		{53ECDF24-4D3D-4D35-AC86-2CFF2726C8AE}.Release|x86.Build.0 = Release|Any CPU
		{B8540106-7B28-4579-AC7C-EE72CEA97B49}.Debug|Any CPU.ActiveCfg = Debug|Any CPU
		{B8540106-7B28-4579-AC7C-EE72CEA97B49}.Debug|Any CPU.Build.0 = Debug|Any CPU
		{B8540106-7B28-4579-AC7C-EE72CEA97B49}.Debug|x64.ActiveCfg = Debug|Any CPU
		{B8540106-7B28-4579-AC7C-EE72CEA97B49}.Debug|x64.Build.0 = Debug|Any CPU
		{B8540106-7B28-4579-AC7C-EE72CEA97B49}.Debug|x86.ActiveCfg = Debug|Any CPU
		{B8540106-7B28-4579-AC7C-EE72CEA97B49}.Debug|x86.Build.0 = Debug|Any CPU
		{B8540106-7B28-4579-AC7C-EE72CEA97B49}.Release|Any CPU.ActiveCfg = Release|Any CPU
		{B8540106-7B28-4579-AC7C-EE72CEA97B49}.Release|Any CPU.Build.0 = Release|Any CPU
		{B8540106-7B28-4579-AC7C-EE72CEA97B49}.Release|x64.ActiveCfg = Release|Any CPU
		{B8540106-7B28-4579-AC7C-EE72CEA97B49}.Release|x64.Build.0 = Release|Any CPU
		{B8540106-7B28-4579-AC7C-EE72CEA97B49}.Release|x86.ActiveCfg = Release|Any CPU
		{B8540106-7B28-4579-AC7C-EE72CEA97B49}.Release|x86.Build.0 = Release|Any CPU
	EndGlobalSection
	GlobalSection(SolutionProperties) = preSolution
		HideSolutionNode = FALSE
	EndGlobalSection
	GlobalSection(ExtensibilityGlobals) = postSolution
		SolutionGuid = {F7AD8738-3010-4F17-B7FE-512A3C255303}
	EndGlobalSection
EndGlobal
